{
  "version": 4,
  "terraform_version": "1.15.2",
  "serial": 4,
  "lineage": "e7600dc7-c272-14af-df3d-1eaa9c851efe",
  "outputs": {
    "backend_config": {
      "value": "Add this to terraform/environments/prod/main.tf backend block:\n\nbackend \"s3\" {\n  bucket         = \"hello-world-eks-tfstate-prod\"\n  key            = \"prod/terraform.tfstate\"\n  region         = \"ap-south-1\"\n  dynamodb_table = \"hello-world-eks-tfstate-lock\"\n  encrypt        = true\n}\n",
      "type": "string"
    },
    "dynamodb_table_name": {
      "value": "hello-world-eks-tfstate-lock",
      "type": "string"
    },
    "state_bucket_name": {
      "value": "hello-world-eks-tfstate-prod",
      "type": "string"
    }
  },
  "resources": [
    {
      "mode": "managed",
      "type": "aws_s3_bucket",
      "name": "state_logs",
      "provider": "provider[\"registry.terraform.io/hashicorp/aws\"]",
      "instances": [
        {
          "schema_version": 0,
          "attributes": {
            "acceleration_status": "",
            "acl": null,
            "arn": "arn:aws:s3:::hello-world-eks-tfstate-logs-prod",
            "bucket": "hello-world-eks-tfstate-logs-prod",
            "bucket_domain_name": "hello-world-eks-tfstate-logs-prod.s3.amazonaws.com",
            "bucket_prefix": "",
            "bucket_regional_domain_name": "hello-world-eks-tfstate-logs-prod.s3.ap-south-1.amazonaws.com",
            "cors_rule": [],
            "force_destroy": false,
            "grant": [
              {
                "id": "9345299f286a9ec0129a9e04902252bd71808bdf4732a5fb2c8fb02beee2fc52",
                "permissions": [
                  "FULL_CONTROL"
                ],
                "type": "CanonicalUser",
                "uri": ""
              }
            ],
            "hosted_zone_id": "Z11RGJOFQNVJUP",
            "id": "hello-world-eks-tfstate-logs-prod",
            "lifecycle_rule": [],
            "logging": [],
            "object_lock_configuration": [],
            "object_lock_enabled": false,
            "policy": "",
            "region": "ap-south-1",
            "replication_configuration": [],
            "request_payer": "BucketOwner",
            "server_side_encryption_configuration": [
              {
                "rule": [
                  {
                    "apply_server_side_encryption_by_default": [
                      {
                        "kms_master_key_id": "",
                        "sse_algorithm": "AES256"
                      }
                    ],
                    "bucket_key_enabled": false
                  }
                ]
              }
            ],
            "tags": null,
            "tags_all": {
              "Environment": "prod",
              "ManagedBy": "Terraform",
              "Project": "hello-world",
              "Purpose": "terraform-state-backend"
            },
            "timeouts": null,
            "versioning": [
              {
                "enabled": false,
                "mfa_delete": false
              }
            ],
            "website": [],
            "website_domain": null,
            "website_endpoint": null
          },
          "sensitive_attributes": [],
          "identity_schema_version": 0,
          "private": "eyJlMmJmYjczMC1lY2FhLTExZTYtOGY4OC0zNDM2M2JjN2M0YzAiOnsiY3JlYXRlIjoxMjAwMDAwMDAwMDAwLCJkZWxldGUiOjM2MDAwMDAwMDAwMDAsInJlYWQiOjEyMDAwMDAwMDAwMDAsInVwZGF0ZSI6MTIwMDAwMDAwMDAwMH19"
        }
      ]
    }
  ],
  "check_results": null
}
